
Microsoft Visual Studio Solution File, Format Version 12.00
Project("{F2A71F9B-5D33-465A-A702-920D77279786}") = "aoc", "aoc\aoc.fsproj", "{31350ED7-F819-423D-8B34-DF4E2D0EC43F}"
EndProject
Global
	GlobalSection(SolutionConfigurationPlatforms) = preSolution
		Debug|Any CPU = Debug|Any CPU
		Release|Any CPU = Release|Any CPU
	EndGlobalSection
	GlobalSection(ProjectConfigurationPlatforms) = postSolution
		{31350ED7-F819-423D-8B34-DF4E2D0EC43F}.Debug|Any CPU.ActiveCfg = Debug|Any CPU
		{31350ED7-F819-423D-8B34-DF4E2D0EC43F}.Debug|Any CPU.Build.0 = Debug|Any CPU
		{31350ED7-F819-423D-8B34-DF4E2D0EC43F}.Release|Any CPU.ActiveCfg = Release|Any CPU
		{31350ED7-F819-423D-8B34-DF4E2D0EC43F}.Release|Any CPU.Build.0 = Release|Any CPU
	EndGlobalSection
EndGlobal
